
Microsoft Visual Studio Solution File, Format Version 12.00
# Visual Studio Version 17
VisualStudioVersion = 17.5.33516.290
MinimumVisualStudioVersion = 10.0.40219.1
Project("{9A19103F-16F7-4668-BE54-9A1E7A4F7556}") = "Class_Scheduler", "Class_Scheduler\Class_Scheduler.csproj", "{03FF2A0A-C077-4BD8-BABD-142968C53348}"
EndProject
Project("{9A19103F-16F7-4668-BE54-9A1E7A4F7556}") = "ClassScheduler.API", "ClassScheduler.API\ClassScheduler.API.csproj", "{5817389C-6BAB-4457-BCB4-F5520F2BBEDE}"
EndProject
Project("{54435603-DBB4-11D2-8724-00A0C9A8B90C}") = "Setup", "Setup\Setup.vdproj", "{23CC7207-0646-4CC6-B047-F32B5CABE86F}"
EndProject
Global
	GlobalSection(SolutionConfigurationPlatforms) = preSolution
		Debug|Any CPU = Debug|Any CPU
		Release|Any CPU = Release|Any CPU
	EndGlobalSection
	GlobalSection(ProjectConfigurationPlatforms) = postSolution
		{03FF2A0A-C077-4BD8-BABD-142968C53348}.Debug|Any CPU.ActiveCfg = Debug|Any CPU
		{03FF2A0A-C077-4BD8-BABD-142968C53348}.Debug|Any CPU.Build.0 = Debug|Any CPU
		{03FF2A0A-C077-4BD8-BABD-142968C53348}.Release|Any CPU.ActiveCfg = Release|Any CPU
		{03FF2A0A-C077-4BD8-BABD-142968C53348}.Release|Any CPU.Build.0 = Release|Any CPU
		{5817389C-6BAB-4457-BCB4-F5520F2BBEDE}.Debug|Any CPU.ActiveCfg = Debug|Any CPU
		{5817389C-6BAB-4457-BCB4-F5520F2BBEDE}.Debug|Any CPU.Build.0 = Debug|Any CPU
		{5817389C-6BAB-4457-BCB4-F5520F2BBEDE}.Release|Any CPU.ActiveCfg = Release|Any CPU
		{5817389C-6BAB-4457-BCB4-F5520F2BBEDE}.Release|Any CPU.Build.0 = Release|Any CPU
		{23CC7207-0646-4CC6-B047-F32B5CABE86F}.Debug|Any CPU.ActiveCfg = Debug
		{23CC7207-0646-4CC6-B047-F32B5CABE86F}.Release|Any CPU.ActiveCfg = Release
	EndGlobalSection
	GlobalSection(SolutionProperties) = preSolution
		HideSolutionNode = FALSE
	EndGlobalSection
	GlobalSection(ExtensibilityGlobals) = postSolution
		SolutionGuid = {4CD798FE-ED9E-4C6B-A765-C9ACCD3B898A}
	EndGlobalSection
EndGlobal
